// !$*UTF8*$!
{
	archiveVersion = 1;
	classes = {
	};
	objectVersion = 56;
	objects = {

/* Begin PBXBuildFile section */
		295DC858583BE72FEBDA11B5 /* RootTabView.swift in Sources */ = {isa = PBXBuildFile; fileRef = FAB7599C812DE63A52C211B6 /* RootTabView.swift */; };
		FBD78DBB361CCADB9C69DE59 /* SiteVantageApp.swift in Sources */ = {isa = PBXBuildFile; fileRef = 7A3719735F012461B4DAFFE5 /* SiteVantageApp.swift */; };
		7A9C5F02A88489BDF591DBFF /* AppSettings.swift in Sources */ = {isa = PBXBuildFile; fileRef = 1C38F1593E5147CE9A75563C /* AppSettings.swift */; };
		15A7859C19E6FAE7009C2526 /* Enums.swift in Sources */ = {isa = PBXBuildFile; fileRef = 3EBB8D353B0E581D42AB3D99 /* Enums.swift */; };
		626546E8EF84A5DD9ABE2266 /* FieldTicket.swift in Sources */ = {isa = PBXBuildFile; fileRef = 27460000E13DDABEC964DFA4 /* FieldTicket.swift */; };
		7D8DDF40ABB325A177BD4AC6 /* Project.swift in Sources */ = {isa = PBXBuildFile; fileRef = 84B54198BD38CBACD80892BF /* Project.swift */; };
		94190CFB6F4EBD0A73715874 /* ProjectNoticeConfig.swift in Sources */ = {isa = PBXBuildFile; fileRef = EABA970CEB0C5E4BCE81807D /* ProjectNoticeConfig.swift */; };
		5F8732903E130951B991180F /* ProjectRate.swift in Sources */ = {isa = PBXBuildFile; fileRef = 9F6ECA41C28C5AAEA259DEC1 /* ProjectRate.swift */; };
		9929ABC315D234DC3059F276 /* TicketEquipmentItem.swift in Sources */ = {isa = PBXBuildFile; fileRef = 3F87FCD839C58F39E01CFE1D /* TicketEquipmentItem.swift */; };
		8DB33BCADD1715B6E69446F8 /* TicketEvidencePhoto.swift in Sources */ = {isa = PBXBuildFile; fileRef = A6B159F290245EC42322DEDD /* TicketEvidencePhoto.swift */; };
		CA6165EA40BD78B78F70FD7B /* TicketLaborItem.swift in Sources */ = {isa = PBXBuildFile; fileRef = 9095A393433A55040F24F8A6 /* TicketLaborItem.swift */; };
		A31FABD6AC2115172BCF8F17 /* TicketMaterialItem.swift in Sources */ = {isa = PBXBuildFile; fileRef = 4FF29D71F59011AD45D72CEF /* TicketMaterialItem.swift */; };
		17C6C5258AA9B1DABABAEEC6 /* FieldItemParser.swift in Sources */ = {isa = PBXBuildFile; fileRef = 047F5C87A83B1DF7A7AB9D2D /* FieldItemParser.swift */; };
		FF1CD98CA1A611BF25897A8C /* LocationCaptureService.swift in Sources */ = {isa = PBXBuildFile; fileRef = 8F13EDB72CC057470FCB40BF /* LocationCaptureService.swift */; };
		A10238A69B32F21E5B2105FF /* NoticeDraftGenerator.swift in Sources */ = {isa = PBXBuildFile; fileRef = 0421A04A91C08B933E542EAC /* NoticeDraftGenerator.swift */; };
		6823A64968D7EC39CE8E2677 /* PDFGenerator.swift in Sources */ = {isa = PBXBuildFile; fileRef = B910B81EC38FC9754056BC4F /* PDFGenerator.swift */; };
		8936F7C45CCDD0942F3A8D2F /* PersistenceContainer.swift in Sources */ = {isa = PBXBuildFile; fileRef = 725C77A9BC39B722D57003A6 /* PersistenceContainer.swift */; };
		A620320FCDD863AA15FCEEAF /* PhotoMetadataBurner.swift in Sources */ = {isa = PBXBuildFile; fileRef = BDB1374C9DF0A65A8A198356 /* PhotoMetadataBurner.swift */; };
		26C1E844859AA238517E0188 /* PricingCalculator.swift in Sources */ = {isa = PBXBuildFile; fileRef = EE541DC4DF5587DDB69B8469 /* PricingCalculator.swift */; };
		DE2B5B6DD24273E38C016752 /* SpeechTranscriptionService.swift in Sources */ = {isa = PBXBuildFile; fileRef = 4BB282B19A7CE0ADBB4E29F6 /* SpeechTranscriptionService.swift */; };
		D62F60948F5C8E121BCA2EA8 /* TicketSerialGenerator.swift in Sources */ = {isa = PBXBuildFile; fileRef = BFBB9FD5C10236A5EB22C71B /* TicketSerialGenerator.swift */; };
		789C9F83CE50A1E6382D7AED /* NoticeConfigEditorView.swift in Sources */ = {isa = PBXBuildFile; fileRef = 463202F53995910F6524CDC1 /* NoticeConfigEditorView.swift */; };
		29DB571F2DE4DCD9777F49AC /* ProjectEditView.swift in Sources */ = {isa = PBXBuildFile; fileRef = CA85D84F31F302491963797C /* ProjectEditView.swift */; };
		6AEE97E5E58AF530DBEEF410 /* ProjectListView.swift in Sources */ = {isa = PBXBuildFile; fileRef = B73D5058A9D34D2C05308301 /* ProjectListView.swift */; };
		484889279E1DD8D702623C5F /* RateSheetEditorView.swift in Sources */ = {isa = PBXBuildFile; fileRef = 37FDCC6BB0FE16EEDEE1D9EA /* RateSheetEditorView.swift */; };
		DC6096A1E66B6A55704C26EB /* SettingsView.swift in Sources */ = {isa = PBXBuildFile; fileRef = 422DBD0869711679006B24C8 /* SettingsView.swift */; };
		3885C7C16301D252F90311B4 /* ESignDisclosure.swift in Sources */ = {isa = PBXBuildFile; fileRef = C512D22661A24A3ADDBE3433 /* ESignDisclosure.swift */; };
		730CF983459F6FD04759DDA4 /* PermissionDeniedView.swift in Sources */ = {isa = PBXBuildFile; fileRef = 52788F42107478B52773BE65 /* PermissionDeniedView.swift */; };
		2301C98133D21B59D3325F5E /* ShareSheet.swift in Sources */ = {isa = PBXBuildFile; fileRef = CC1DF956BAC16721BBC12E2F /* ShareSheet.swift */; };
		CEE3BD9F265865CA49443A68 /* Theme.swift in Sources */ = {isa = PBXBuildFile; fileRef = D9900B27651ADA8E7B47AE8A /* Theme.swift */; };
		6A62F8BBD93F6F97DDEC48D7 /* TicketDetailView.swift in Sources */ = {isa = PBXBuildFile; fileRef = 23DD5090656B9576ECD576C7 /* TicketDetailView.swift */; };
		EB72C84A3C2673F5F3048F6E /* TicketListView.swift in Sources */ = {isa = PBXBuildFile; fileRef = EE7904BF7EC412B71F65E9A6 /* TicketListView.swift */; };
		05F6316F22B2388ED1CF6BAC /* CameraCaptureView.swift in Sources */ = {isa = PBXBuildFile; fileRef = 60FB6DF7F403BA67EB3A4E24 /* CameraCaptureView.swift */; };
		B52567633C23B44F316DA6D6 /* DeclineSignatureView.swift in Sources */ = {isa = PBXBuildFile; fileRef = 16C935BCA7C6D3DD5913D2B5 /* DeclineSignatureView.swift */; };
		1D426E1DEB182BFAA07DDF1A /* EvidenceCaptureStepView.swift in Sources */ = {isa = PBXBuildFile; fileRef = CD83D46607EB6F4BBEFFD34A /* EvidenceCaptureStepView.swift */; };
		57CA5FC667C879BA8714823E /* ManualPinView.swift in Sources */ = {isa = PBXBuildFile; fileRef = 7B0E7F92FD6F87981B2A2B91 /* ManualPinView.swift */; };
		C6EE374C2DFDC644EF8533C6 /* NewTicketFlowView.swift in Sources */ = {isa = PBXBuildFile; fileRef = E85B863730C70715007031B7 /* NewTicketFlowView.swift */; };
		5AF223C7848E24E81F66F5BC /* PricingStepView.swift in Sources */ = {isa = PBXBuildFile; fileRef = 6158E1B01BC5120B6E19A0AE /* PricingStepView.swift */; };
		D9AA58988A8BBE38E0E41D8A /* ScopeReviewStepView.swift in Sources */ = {isa = PBXBuildFile; fileRef = FEA29517AA1E43A64CCBE682 /* ScopeReviewStepView.swift */; };
		BB70852D395CFA240D3BE001 /* SignaturePadView.swift in Sources */ = {isa = PBXBuildFile; fileRef = 2F230824AD469D882C6A7D9A /* SignaturePadView.swift */; };
		978E25FBCCE598588DA2B13F /* SignatureStepView.swift in Sources */ = {isa = PBXBuildFile; fileRef = 9828D7DEE87C645D18213F9D /* SignatureStepView.swift */; };
		06A2AA81A44ADFD9605F23FB /* VoiceCaptureStepView.swift in Sources */ = {isa = PBXBuildFile; fileRef = 05922F5EA4E69CBD540D1455 /* VoiceCaptureStepView.swift */; };
		3BCEB0AB2B4A0AE97C0D6F2F /* Assets.xcassets in Resources */ = {isa = PBXBuildFile; fileRef = 8C3DBD1F82B88ACB1D8F6767 /* Assets.xcassets */; };
		7DDF2E329F8A90D9EDA3474C /* FieldItemParserTests.swift in Sources */ = {isa = PBXBuildFile; fileRef = 3C6F0CC0AB6EE6AEBA9F8626 /* FieldItemParserTests.swift */; };
		979EFA53B701EC7EE2F58714 /* NoticeDraftGeneratorTests.swift in Sources */ = {isa = PBXBuildFile; fileRef = 90538DD18105E2F881B67929 /* NoticeDraftGeneratorTests.swift */; };
		B4FECC9EA8ACF70B41839BE4 /* PricingCalculatorTests.swift in Sources */ = {isa = PBXBuildFile; fileRef = 552BEC5A0776990EBCC23B9A /* PricingCalculatorTests.swift */; };
		915A44E98A014CE89BA4CBCA /* TestSupport.swift in Sources */ = {isa = PBXBuildFile; fileRef = 15778CC4C83EEF7D31DE6563 /* TestSupport.swift */; };
		A2B78D2C2BF2858567FC70B5 /* TicketSerialGeneratorTests.swift in Sources */ = {isa = PBXBuildFile; fileRef = 418C7FDFE4DFDE2D5C658283 /* TicketSerialGeneratorTests.swift */; };
/* End PBXBuildFile section */

/* Begin PBXContainerItemProxy section */
		45ACF968D76723D0BCC24D57 /* PBXContainerItemProxy */ = {
			isa = PBXContainerItemProxy;
			containerPortal = 8B18DF0F97028390B3F26E7C /* Project object */;
			proxyType = 1;
			remoteGlobalIDString = 5D9C1DBB2A7475B4D016EEAA;
			remoteInfo = SiteVantage;
		};
/* End PBXContainerItemProxy section */

/* Begin PBXFileReference section */
		BF9FCE42A4CCEA7A8AA84F27 /* SiteVantage.app */ = {isa = PBXFileReference; explicitFileType = wrapper.application; includeInIndex = 0; path = SiteVantage.app; sourceTree = BUILT_PRODUCTS_DIR; };
		63867330CC0A35F2ABB1A1BD /* SiteVantageTests.xctest */ = {isa = PBXFileReference; explicitFileType = wrapper.cfbundle; includeInIndex = 0; path = SiteVantageTests.xctest; sourceTree = BUILT_PRODUCTS_DIR; };
		FAB7599C812DE63A52C211B6 /* RootTabView.swift */ = {isa = PBXFileReference; lastKnownFileType = sourcecode.swift; path = RootTabView.swift; sourceTree = "<group>"; };
		7A3719735F012461B4DAFFE5 /* SiteVantageApp.swift */ = {isa = PBXFileReference; lastKnownFileType = sourcecode.swift; path = SiteVantageApp.swift; sourceTree = "<group>"; };
		1C38F1593E5147CE9A75563C /* AppSettings.swift */ = {isa = PBXFileReference; lastKnownFileType = sourcecode.swift; path = AppSettings.swift; sourceTree = "<group>"; };
		3EBB8D353B0E581D42AB3D99 /* Enums.swift */ = {isa = PBXFileReference; lastKnownFileType = sourcecode.swift; path = Enums.swift; sourceTree = "<group>"; };
		27460000E13DDABEC964DFA4 /* FieldTicket.swift */ = {isa = PBXFileReference; lastKnownFileType = sourcecode.swift; path = FieldTicket.swift; sourceTree = "<group>"; };
		84B54198BD38CBACD80892BF /* Project.swift */ = {isa = PBXFileReference; lastKnownFileType = sourcecode.swift; path = Project.swift; sourceTree = "<group>"; };
		EABA970CEB0C5E4BCE81807D /* ProjectNoticeConfig.swift */ = {isa = PBXFileReference; lastKnownFileType = sourcecode.swift; path = ProjectNoticeConfig.swift; sourceTree = "<group>"; };
		9F6ECA41C28C5AAEA259DEC1 /* ProjectRate.swift */ = {isa = PBXFileReference; lastKnownFileType = sourcecode.swift; path = ProjectRate.swift; sourceTree = "<group>"; };
		3F87FCD839C58F39E01CFE1D /* TicketEquipmentItem.swift */ = {isa = PBXFileReference; lastKnownFileType = sourcecode.swift; path = TicketEquipmentItem.swift; sourceTree = "<group>"; };
		A6B159F290245EC42322DEDD /* TicketEvidencePhoto.swift */ = {isa = PBXFileReference; lastKnownFileType = sourcecode.swift; path = TicketEvidencePhoto.swift; sourceTree = "<group>"; };
		9095A393433A55040F24F8A6 /* TicketLaborItem.swift */ = {isa = PBXFileReference; lastKnownFileType = sourcecode.swift; path = TicketLaborItem.swift; sourceTree = "<group>"; };
		4FF29D71F59011AD45D72CEF /* TicketMaterialItem.swift */ = {isa = PBXFileReference; lastKnownFileType = sourcecode.swift; path = TicketMaterialItem.swift; sourceTree = "<group>"; };
		B281208A14EC117A233EE3E7 /* Info.plist */ = {isa = PBXFileReference; lastKnownFileType = text.plist.xml; path = Info.plist; sourceTree = "<group>"; };
		8C3DBD1F82B88ACB1D8F6767 /* Assets.xcassets */ = {isa = PBXFileReference; lastKnownFileType = folder.assetcatalog; path = Assets.xcassets; sourceTree = "<group>"; };
		047F5C87A83B1DF7A7AB9D2D /* FieldItemParser.swift */ = {isa = PBXFileReference; lastKnownFileType = sourcecode.swift; path = FieldItemParser.swift; sourceTree = "<group>"; };
		8F13EDB72CC057470FCB40BF /* LocationCaptureService.swift */ = {isa = PBXFileReference; lastKnownFileType = sourcecode.swift; path = LocationCaptureService.swift; sourceTree = "<group>"; };
		0421A04A91C08B933E542EAC /* NoticeDraftGenerator.swift */ = {isa = PBXFileReference; lastKnownFileType = sourcecode.swift; path = NoticeDraftGenerator.swift; sourceTree = "<group>"; };
		B910B81EC38FC9754056BC4F /* PDFGenerator.swift */ = {isa = PBXFileReference; lastKnownFileType = sourcecode.swift; path = PDFGenerator.swift; sourceTree = "<group>"; };
		725C77A9BC39B722D57003A6 /* PersistenceContainer.swift */ = {isa = PBXFileReference; lastKnownFileType = sourcecode.swift; path = PersistenceContainer.swift; sourceTree = "<group>"; };
		BDB1374C9DF0A65A8A198356 /* PhotoMetadataBurner.swift */ = {isa = PBXFileReference; lastKnownFileType = sourcecode.swift; path = PhotoMetadataBurner.swift; sourceTree = "<group>"; };
		EE541DC4DF5587DDB69B8469 /* PricingCalculator.swift */ = {isa = PBXFileReference; lastKnownFileType = sourcecode.swift; path = PricingCalculator.swift; sourceTree = "<group>"; };
		4BB282B19A7CE0ADBB4E29F6 /* SpeechTranscriptionService.swift */ = {isa = PBXFileReference; lastKnownFileType = sourcecode.swift; path = SpeechTranscriptionService.swift; sourceTree = "<group>"; };
		BFBB9FD5C10236A5EB22C71B /* TicketSerialGenerator.swift */ = {isa = PBXFileReference; lastKnownFileType = sourcecode.swift; path = TicketSerialGenerator.swift; sourceTree = "<group>"; };
		463202F53995910F6524CDC1 /* NoticeConfigEditorView.swift */ = {isa = PBXFileReference; lastKnownFileType = sourcecode.swift; path = NoticeConfigEditorView.swift; sourceTree = "<group>"; };
		CA85D84F31F302491963797C /* ProjectEditView.swift */ = {isa = PBXFileReference; lastKnownFileType = sourcecode.swift; path = ProjectEditView.swift; sourceTree = "<group>"; };
		B73D5058A9D34D2C05308301 /* ProjectListView.swift */ = {isa = PBXFileReference; lastKnownFileType = sourcecode.swift; path = ProjectListView.swift; sourceTree = "<group>"; };
		37FDCC6BB0FE16EEDEE1D9EA /* RateSheetEditorView.swift */ = {isa = PBXFileReference; lastKnownFileType = sourcecode.swift; path = RateSheetEditorView.swift; sourceTree = "<group>"; };
		422DBD0869711679006B24C8 /* SettingsView.swift */ = {isa = PBXFileReference; lastKnownFileType = sourcecode.swift; path = SettingsView.swift; sourceTree = "<group>"; };
		C512D22661A24A3ADDBE3433 /* ESignDisclosure.swift */ = {isa = PBXFileReference; lastKnownFileType = sourcecode.swift; path = ESignDisclosure.swift; sourceTree = "<group>"; };
		52788F42107478B52773BE65 /* PermissionDeniedView.swift */ = {isa = PBXFileReference; lastKnownFileType = sourcecode.swift; path = PermissionDeniedView.swift; sourceTree = "<group>"; };
		CC1DF956BAC16721BBC12E2F /* ShareSheet.swift */ = {isa = PBXFileReference; lastKnownFileType = sourcecode.swift; path = ShareSheet.swift; sourceTree = "<group>"; };
		D9900B27651ADA8E7B47AE8A /* Theme.swift */ = {isa = PBXFileReference; lastKnownFileType = sourcecode.swift; path = Theme.swift; sourceTree = "<group>"; };
		23DD5090656B9576ECD576C7 /* TicketDetailView.swift */ = {isa = PBXFileReference; lastKnownFileType = sourcecode.swift; path = TicketDetailView.swift; sourceTree = "<group>"; };
		EE7904BF7EC412B71F65E9A6 /* TicketListView.swift */ = {isa = PBXFileReference; lastKnownFileType = sourcecode.swift; path = TicketListView.swift; sourceTree = "<group>"; };
		60FB6DF7F403BA67EB3A4E24 /* CameraCaptureView.swift */ = {isa = PBXFileReference; lastKnownFileType = sourcecode.swift; path = CameraCaptureView.swift; sourceTree = "<group>"; };
		16C935BCA7C6D3DD5913D2B5 /* DeclineSignatureView.swift */ = {isa = PBXFileReference; lastKnownFileType = sourcecode.swift; path = DeclineSignatureView.swift; sourceTree = "<group>"; };
		CD83D46607EB6F4BBEFFD34A /* EvidenceCaptureStepView.swift */ = {isa = PBXFileReference; lastKnownFileType = sourcecode.swift; path = EvidenceCaptureStepView.swift; sourceTree = "<group>"; };
		7B0E7F92FD6F87981B2A2B91 /* ManualPinView.swift */ = {isa = PBXFileReference; lastKnownFileType = sourcecode.swift; path = ManualPinView.swift; sourceTree = "<group>"; };
		E85B863730C70715007031B7 /* NewTicketFlowView.swift */ = {isa = PBXFileReference; lastKnownFileType = sourcecode.swift; path = NewTicketFlowView.swift; sourceTree = "<group>"; };
		6158E1B01BC5120B6E19A0AE /* PricingStepView.swift */ = {isa = PBXFileReference; lastKnownFileType = sourcecode.swift; path = PricingStepView.swift; sourceTree = "<group>"; };
		FEA29517AA1E43A64CCBE682 /* ScopeReviewStepView.swift */ = {isa = PBXFileReference; lastKnownFileType = sourcecode.swift; path = ScopeReviewStepView.swift; sourceTree = "<group>"; };
		2F230824AD469D882C6A7D9A /* SignaturePadView.swift */ = {isa = PBXFileReference; lastKnownFileType = sourcecode.swift; path = SignaturePadView.swift; sourceTree = "<group>"; };
		9828D7DEE87C645D18213F9D /* SignatureStepView.swift */ = {isa = PBXFileReference; lastKnownFileType = sourcecode.swift; path = SignatureStepView.swift; sourceTree = "<group>"; };
		05922F5EA4E69CBD540D1455 /* VoiceCaptureStepView.swift */ = {isa = PBXFileReference; lastKnownFileType = sourcecode.swift; path = VoiceCaptureStepView.swift; sourceTree = "<group>"; };
		3C6F0CC0AB6EE6AEBA9F8626 /* FieldItemParserTests.swift */ = {isa = PBXFileReference; lastKnownFileType = sourcecode.swift; path = FieldItemParserTests.swift; sourceTree = "<group>"; };
		90538DD18105E2F881B67929 /* NoticeDraftGeneratorTests.swift */ = {isa = PBXFileReference; lastKnownFileType = sourcecode.swift; path = NoticeDraftGeneratorTests.swift; sourceTree = "<group>"; };
		552BEC5A0776990EBCC23B9A /* PricingCalculatorTests.swift */ = {isa = PBXFileReference; lastKnownFileType = sourcecode.swift; path = PricingCalculatorTests.swift; sourceTree = "<group>"; };
		15778CC4C83EEF7D31DE6563 /* TestSupport.swift */ = {isa = PBXFileReference; lastKnownFileType = sourcecode.swift; path = TestSupport.swift; sourceTree = "<group>"; };
		418C7FDFE4DFDE2D5C658283 /* TicketSerialGeneratorTests.swift */ = {isa = PBXFileReference; lastKnownFileType = sourcecode.swift; path = TicketSerialGeneratorTests.swift; sourceTree = "<group>"; };
/* End PBXFileReference section */

/* Begin PBXFrameworksBuildPhase section */
		C6152587029B6E7892BE72EC /* Frameworks */ = {
			isa = PBXFrameworksBuildPhase;
			buildActionMask = 2147483647;
			files = (
			);
			runOnlyForDeploymentPostprocessing = 0;
		};
		99D737CB21F0E81C06CA1AD7 /* Frameworks */ = {
			isa = PBXFrameworksBuildPhase;
			buildActionMask = 2147483647;
			files = (
			);
			runOnlyForDeploymentPostprocessing = 0;
		};
/* End PBXFrameworksBuildPhase section */

/* Begin PBXGroup section */
		04DF844668689B8207418A0B = {
			isa = PBXGroup;
			children = (
				388A8B4C29187425CE441F41 /* App */,
				2B0FD3716CB4B8A24D7DFD28 /* Models */,
				57804C8970B83434754B9123 /* Resources */,
				CE1E97E297F0B97E277E5F2E /* Services */,
				CA122EFE5D1A078E293E6DF3 /* Views */,
			);
			path = SiteVantage;
			sourceTree = "<group>";
		};
		388A8B4C29187425CE441F41 = {
			isa = PBXGroup;
			children = (
				FAB7599C812DE63A52C211B6 /* RootTabView.swift */,
				7A3719735F012461B4DAFFE5 /* SiteVantageApp.swift */,
			);
			path = App;
			sourceTree = "<group>";
		};
		2B0FD3716CB4B8A24D7DFD28 = {
			isa = PBXGroup;
			children = (
				1C38F1593E5147CE9A75563C /* AppSettings.swift */,
				3EBB8D353B0E581D42AB3D99 /* Enums.swift */,
				27460000E13DDABEC964DFA4 /* FieldTicket.swift */,
				84B54198BD38CBACD80892BF /* Project.swift */,
				EABA970CEB0C5E4BCE81807D /* ProjectNoticeConfig.swift */,
				9F6ECA41C28C5AAEA259DEC1 /* ProjectRate.swift */,
				3F87FCD839C58F39E01CFE1D /* TicketEquipmentItem.swift */,
				A6B159F290245EC42322DEDD /* TicketEvidencePhoto.swift */,
				9095A393433A55040F24F8A6 /* TicketLaborItem.swift */,
				4FF29D71F59011AD45D72CEF /* TicketMaterialItem.swift */,
			);
			path = Models;
			sourceTree = "<group>";
		};
		57804C8970B83434754B9123 = {
			isa = PBXGroup;
			children = (
				B281208A14EC117A233EE3E7 /* Info.plist */,
				8C3DBD1F82B88ACB1D8F6767 /* Assets.xcassets */,
			);
			path = Resources;
			sourceTree = "<group>";
		};
		CE1E97E297F0B97E277E5F2E = {
			isa = PBXGroup;
			children = (
				047F5C87A83B1DF7A7AB9D2D /* FieldItemParser.swift */,
				8F13EDB72CC057470FCB40BF /* LocationCaptureService.swift */,
				0421A04A91C08B933E542EAC /* NoticeDraftGenerator.swift */,
				B910B81EC38FC9754056BC4F /* PDFGenerator.swift */,
				725C77A9BC39B722D57003A6 /* PersistenceContainer.swift */,
				BDB1374C9DF0A65A8A198356 /* PhotoMetadataBurner.swift */,
				EE541DC4DF5587DDB69B8469 /* PricingCalculator.swift */,
				4BB282B19A7CE0ADBB4E29F6 /* SpeechTranscriptionService.swift */,
				BFBB9FD5C10236A5EB22C71B /* TicketSerialGenerator.swift */,
			);
			path = Services;
			sourceTree = "<group>";
		};
		CA122EFE5D1A078E293E6DF3 = {
			isa = PBXGroup;
			children = (
				A20D3846388566C36A1AF25D /* Projects */,
				8728ABA3378773E5F88D0A19 /* Settings */,
				CC527078274A568DC0C92857 /* Shared */,
				C5B70FBD56874CF744E3DE08 /* Tickets */,
			);
			path = Views;
			sourceTree = "<group>";
		};
		A20D3846388566C36A1AF25D = {
			isa = PBXGroup;
			children = (
				463202F53995910F6524CDC1 /* NoticeConfigEditorView.swift */,
				CA85D84F31F302491963797C /* ProjectEditView.swift */,
				B73D5058A9D34D2C05308301 /* ProjectListView.swift */,
				37FDCC6BB0FE16EEDEE1D9EA /* RateSheetEditorView.swift */,
			);
			path = Projects;
			sourceTree = "<group>";
		};
		8728ABA3378773E5F88D0A19 = {
			isa = PBXGroup;
			children = (
				422DBD0869711679006B24C8 /* SettingsView.swift */,
			);
			path = Settings;
			sourceTree = "<group>";
		};
		CC527078274A568DC0C92857 = {
			isa = PBXGroup;
			children = (
				C512D22661A24A3ADDBE3433 /* ESignDisclosure.swift */,
				52788F42107478B52773BE65 /* PermissionDeniedView.swift */,
				CC1DF956BAC16721BBC12E2F /* ShareSheet.swift */,
				D9900B27651ADA8E7B47AE8A /* Theme.swift */,
			);
			path = Shared;
			sourceTree = "<group>";
		};
		C5B70FBD56874CF744E3DE08 = {
			isa = PBXGroup;
			children = (
				23DD5090656B9576ECD576C7 /* TicketDetailView.swift */,
				EE7904BF7EC412B71F65E9A6 /* TicketListView.swift */,
				1BAE4A6990DD0D81C21712BF /* NewTicket */,
			);
			path = Tickets;
			sourceTree = "<group>";
		};
		1BAE4A6990DD0D81C21712BF = {
			isa = PBXGroup;
			children = (
				60FB6DF7F403BA67EB3A4E24 /* CameraCaptureView.swift */,
				16C935BCA7C6D3DD5913D2B5 /* DeclineSignatureView.swift */,
				CD83D46607EB6F4BBEFFD34A /* EvidenceCaptureStepView.swift */,
				7B0E7F92FD6F87981B2A2B91 /* ManualPinView.swift */,
				E85B863730C70715007031B7 /* NewTicketFlowView.swift */,
				6158E1B01BC5120B6E19A0AE /* PricingStepView.swift */,
				FEA29517AA1E43A64CCBE682 /* ScopeReviewStepView.swift */,
				2F230824AD469D882C6A7D9A /* SignaturePadView.swift */,
				9828D7DEE87C645D18213F9D /* SignatureStepView.swift */,
				05922F5EA4E69CBD540D1455 /* VoiceCaptureStepView.swift */,
			);
			path = NewTicket;
			sourceTree = "<group>";
		};
		7537B96A396D22C38DD41728 = {
			isa = PBXGroup;
			children = (
				3C6F0CC0AB6EE6AEBA9F8626 /* FieldItemParserTests.swift */,
				90538DD18105E2F881B67929 /* NoticeDraftGeneratorTests.swift */,
				552BEC5A0776990EBCC23B9A /* PricingCalculatorTests.swift */,
				15778CC4C83EEF7D31DE6563 /* TestSupport.swift */,
				418C7FDFE4DFDE2D5C658283 /* TicketSerialGeneratorTests.swift */,
			);
			path = SiteVantageTests;
			sourceTree = "<group>";
		};
		A39047446EFBC31BD1838DAA /* Products */ = {
			isa = PBXGroup;
			children = (
				BF9FCE42A4CCEA7A8AA84F27 /* SiteVantage.app */,
				63867330CC0A35F2ABB1A1BD /* SiteVantageTests.xctest */,
			);
			name = Products;
			sourceTree = "<group>";
		};
		74252D0A878EC04CE418AA8E = {
			isa = PBXGroup;
			children = (
				04DF844668689B8207418A0B /* SiteVantage */,
				7537B96A396D22C38DD41728 /* SiteVantageTests */,
				A39047446EFBC31BD1838DAA /* Products */,
			);
			sourceTree = "<group>";
		};
/* End PBXGroup section */

/* Begin PBXNativeTarget section */
		5D9C1DBB2A7475B4D016EEAA /* SiteVantage */ = {
			isa = PBXNativeTarget;
			buildConfigurationList = 6A08A854FCF0CA80283D0BE8 /* Build configuration list for PBXNativeTarget "SiteVantage" */;
			buildPhases = (
				D6EC71ACCC6B933BFEE602CA /* Sources */,
				C6152587029B6E7892BE72EC /* Frameworks */,
				84CD03184045949D499A5183 /* Resources */,
			);
			buildRules = (
			);
			dependencies = (
			);
			name = SiteVantage;
			productName = SiteVantage;
			productReference = BF9FCE42A4CCEA7A8AA84F27 /* SiteVantage.app */;
			productType = "com.apple.product-type.application";
		};
		C4290E0750D70C477EB60FAF /* SiteVantageTests */ = {
			isa = PBXNativeTarget;
			buildConfigurationList = 11A058B45E54808056B127FB /* Build configuration list for PBXNativeTarget "SiteVantageTests" */;
			buildPhases = (
				EAD9C47879972E8205A506E1 /* Sources */,
				99D737CB21F0E81C06CA1AD7 /* Frameworks */,
				4D966217C5001530BBFC4827 /* Resources */,
			);
			buildRules = (
			);
			dependencies = (
				5848E72B811D69D9A7EFF4E6 /* PBXTargetDependency */,
			);
			name = SiteVantageTests;
			productName = SiteVantageTests;
			productReference = 63867330CC0A35F2ABB1A1BD /* SiteVantageTests.xctest */;
			productType = "com.apple.product-type.bundle.unit-test";
		};
/* End PBXNativeTarget section */

/* Begin PBXProject section */
		8B18DF0F97028390B3F26E7C /* Project object */ = {
			isa = PBXProject;
			attributes = {
				BuildIndependentTargetsInParallel = 1;
				LastSwiftUpdateCheck = 1510;
				LastUpgradeCheck = 1510;
				TargetAttributes = {
					5D9C1DBB2A7475B4D016EEAA = {
						CreatedOnToolsVersion = 15.1;
					};
					C4290E0750D70C477EB60FAF = {
						CreatedOnToolsVersion = 15.1;
						TestTargetID = 5D9C1DBB2A7475B4D016EEAA;
					};
				};
			};
			buildConfigurationList = A153FD9972959AB9F70711D4 /* Build configuration list for PBXProject "SiteVantage" */;
			compatibilityVersion = "Xcode 14.0";
			developmentRegion = en;
			hasScannedForEncodings = 0;
			knownRegions = (
				en,
				Base,
			);
			mainGroup = 74252D0A878EC04CE418AA8E;
			productRefGroup = A39047446EFBC31BD1838DAA /* Products */;
			projectDirPath = "";
			projectRoot = "";
			targets = (
				5D9C1DBB2A7475B4D016EEAA /* SiteVantage */,
				C4290E0750D70C477EB60FAF /* SiteVantageTests */,
			);
		};
/* End PBXProject section */

/* Begin PBXResourcesBuildPhase section */
		84CD03184045949D499A5183 /* Resources */ = {
			isa = PBXResourcesBuildPhase;
			buildActionMask = 2147483647;
			files = (
				3BCEB0AB2B4A0AE97C0D6F2F /* Assets.xcassets in Resources */,
			);
			runOnlyForDeploymentPostprocessing = 0;
		};
		4D966217C5001530BBFC4827 /* Resources */ = {
			isa = PBXResourcesBuildPhase;
			buildActionMask = 2147483647;
			files = (
			);
			runOnlyForDeploymentPostprocessing = 0;
		};
/* End PBXResourcesBuildPhase section */

/* Begin PBXSourcesBuildPhase section */
		D6EC71ACCC6B933BFEE602CA /* Sources */ = {
			isa = PBXSourcesBuildPhase;
			buildActionMask = 2147483647;
			files = (
				295DC858583BE72FEBDA11B5 /* RootTabView.swift in Sources */,
				FBD78DBB361CCADB9C69DE59 /* SiteVantageApp.swift in Sources */,
				7A9C5F02A88489BDF591DBFF /* AppSettings.swift in Sources */,
				15A7859C19E6FAE7009C2526 /* Enums.swift in Sources */,
				626546E8EF84A5DD9ABE2266 /* FieldTicket.swift in Sources */,
				7D8DDF40ABB325A177BD4AC6 /* Project.swift in Sources */,
				94190CFB6F4EBD0A73715874 /* ProjectNoticeConfig.swift in Sources */,
				5F8732903E130951B991180F /* ProjectRate.swift in Sources */,
				9929ABC315D234DC3059F276 /* TicketEquipmentItem.swift in Sources */,
				8DB33BCADD1715B6E69446F8 /* TicketEvidencePhoto.swift in Sources */,
				CA6165EA40BD78B78F70FD7B /* TicketLaborItem.swift in Sources */,
				A31FABD6AC2115172BCF8F17 /* TicketMaterialItem.swift in Sources */,
				17C6C5258AA9B1DABABAEEC6 /* FieldItemParser.swift in Sources */,
				FF1CD98CA1A611BF25897A8C /* LocationCaptureService.swift in Sources */,
				A10238A69B32F21E5B2105FF /* NoticeDraftGenerator.swift in Sources */,
				6823A64968D7EC39CE8E2677 /* PDFGenerator.swift in Sources */,
				8936F7C45CCDD0942F3A8D2F /* PersistenceContainer.swift in Sources */,
				A620320FCDD863AA15FCEEAF /* PhotoMetadataBurner.swift in Sources */,
				26C1E844859AA238517E0188 /* PricingCalculator.swift in Sources */,
				DE2B5B6DD24273E38C016752 /* SpeechTranscriptionService.swift in Sources */,
				D62F60948F5C8E121BCA2EA8 /* TicketSerialGenerator.swift in Sources */,
				789C9F83CE50A1E6382D7AED /* NoticeConfigEditorView.swift in Sources */,
				29DB571F2DE4DCD9777F49AC /* ProjectEditView.swift in Sources */,
				6AEE97E5E58AF530DBEEF410 /* ProjectListView.swift in Sources */,
				484889279E1DD8D702623C5F /* RateSheetEditorView.swift in Sources */,
				DC6096A1E66B6A55704C26EB /* SettingsView.swift in Sources */,
				3885C7C16301D252F90311B4 /* ESignDisclosure.swift in Sources */,
				730CF983459F6FD04759DDA4 /* PermissionDeniedView.swift in Sources */,
				2301C98133D21B59D3325F5E /* ShareSheet.swift in Sources */,
				CEE3BD9F265865CA49443A68 /* Theme.swift in Sources */,
				6A62F8BBD93F6F97DDEC48D7 /* TicketDetailView.swift in Sources */,
				EB72C84A3C2673F5F3048F6E /* TicketListView.swift in Sources */,
				05F6316F22B2388ED1CF6BAC /* CameraCaptureView.swift in Sources */,
				B52567633C23B44F316DA6D6 /* DeclineSignatureView.swift in Sources */,
				1D426E1DEB182BFAA07DDF1A /* EvidenceCaptureStepView.swift in Sources */,
				57CA5FC667C879BA8714823E /* ManualPinView.swift in Sources */,
				C6EE374C2DFDC644EF8533C6 /* NewTicketFlowView.swift in Sources */,
				5AF223C7848E24E81F66F5BC /* PricingStepView.swift in Sources */,
				D9AA58988A8BBE38E0E41D8A /* ScopeReviewStepView.swift in Sources */,
				BB70852D395CFA240D3BE001 /* SignaturePadView.swift in Sources */,
				978E25FBCCE598588DA2B13F /* SignatureStepView.swift in Sources */,
				06A2AA81A44ADFD9605F23FB /* VoiceCaptureStepView.swift in Sources */,
			);
			runOnlyForDeploymentPostprocessing = 0;
		};
		EAD9C47879972E8205A506E1 /* Sources */ = {
			isa = PBXSourcesBuildPhase;
			buildActionMask = 2147483647;
			files = (
				7DDF2E329F8A90D9EDA3474C /* FieldItemParserTests.swift in Sources */,
				979EFA53B701EC7EE2F58714 /* NoticeDraftGeneratorTests.swift in Sources */,
				B4FECC9EA8ACF70B41839BE4 /* PricingCalculatorTests.swift in Sources */,
				915A44E98A014CE89BA4CBCA /* TestSupport.swift in Sources */,
				A2B78D2C2BF2858567FC70B5 /* TicketSerialGeneratorTests.swift in Sources */,
			);
			runOnlyForDeploymentPostprocessing = 0;
		};
/* End PBXSourcesBuildPhase section */

/* Begin PBXTargetDependency section */
		5848E72B811D69D9A7EFF4E6 /* PBXTargetDependency */ = {
			isa = PBXTargetDependency;
			target = 5D9C1DBB2A7475B4D016EEAA /* SiteVantage */;
			targetProxy = 45ACF968D76723D0BCC24D57 /* PBXContainerItemProxy */;
		};
/* End PBXTargetDependency section */

/* Begin XCBuildConfiguration section */
		740C65CCBF60340779A3E790 /* Debug */ = {
			isa = XCBuildConfiguration;
			buildSettings = {
				ALWAYS_SEARCH_USER_PATHS = NO;
				ASSETCATALOG_COMPILER_GENERATE_SWIFT_ASSET_SYMBOL_EXTENSIONS = YES;
				CLANG_ANALYZER_NONNULL = YES;
				CLANG_ANALYZER_NUMBER_OBJECT_CONVERSION = YES_AGGRESSIVE;
				CLANG_CXX_LANGUAGE_STANDARD = "gnu++20";
				CLANG_ENABLE_MODULES = YES;
				CLANG_ENABLE_OBJC_ARC = YES;
				CLANG_ENABLE_OBJC_WEAK = YES;
				CLANG_WARN_BLOCK_CAPTURE_AUTORELEASING = YES;
				CLANG_WARN_BOOL_CONVERSION = YES;
				CLANG_WARN_COMMA = YES;
				CLANG_WARN_CONSTANT_CONVERSION = YES;
				CLANG_WARN_DEPRECATED_OBJC_IMPLEMENTATIONS = YES;
				CLANG_WARN_DIRECT_OBJC_ISA_USAGE = YES_ERROR;
				CLANG_WARN_DOCUMENTATION_COMMENTS = YES;
				CLANG_WARN_EMPTY_BODY = YES;
				CLANG_WARN_ENUM_CONVERSION = YES;
				CLANG_WARN_INFINITE_RECURSION = YES;
				CLANG_WARN_INT_CONVERSION = YES;
				CLANG_WARN_NON_LITERAL_NULL_CONVERSION = YES;
				CLANG_WARN_OBJC_IMPLICIT_RETAIN_SELF = YES;
				CLANG_WARN_OBJC_LITERAL_CONVERSION = YES;
				CLANG_WARN_OBJC_ROOT_CLASS = YES_ERROR;
				CLANG_WARN_QUOTED_INCLUDE_IN_FRAMEWORK_HEADER = YES;
				CLANG_WARN_RANGE_LOOP_ANALYSIS = YES;
				CLANG_WARN_STRICT_PROTOTYPES = YES;
				CLANG_WARN_SUSPICIOUS_MOVE = YES;
				CLANG_WARN_UNGUARDED_AVAILABILITY = YES_AGGRESSIVE;
				CLANG_WARN_UNREACHABLE_CODE = YES;
				CLANG_WARN__DUPLICATE_METHOD_MATCH = YES;
				COPY_PHASE_STRIP = NO;
				DEBUG_INFORMATION_FORMAT = dwarf;
				ENABLE_STRICT_OBJC_MSGSEND = YES;
				ENABLE_TESTABILITY = YES;
				ENABLE_USER_SCRIPT_SANDBOXING = YES;
				GCC_C_LANGUAGE_STANDARD = gnu17;
				GCC_DYNAMIC_NO_PIC = NO;
				GCC_NO_COMMON_BLOCKS = YES;
				GCC_OPTIMIZATION_LEVEL = 0;
				GCC_PREPROCESSOR_DEFINITIONS = (
					"DEBUG=1",
					"$(inherited)",
				);
				GCC_WARN_64_TO_32_BIT_CONVERSION = YES;
				GCC_WARN_ABOUT_RETURN_TYPE = YES_ERROR;
				GCC_WARN_UNDECLARED_SELECTOR = YES;
				GCC_WARN_UNINITIALIZED_AUTOS = YES_AGGRESSIVE;
				GCC_WARN_UNUSED_FUNCTION = YES;
				GCC_WARN_UNUSED_VARIABLE = YES;
				IPHONEOS_DEPLOYMENT_TARGET = 17.0;
				LOCALIZATION_PREFERS_STRING_CATALOGS = YES;
				MTL_ENABLE_DEBUG_INFO = INCLUDE_SOURCE;
				MTL_FAST_MATH = YES;
				ONLY_ACTIVE_ARCH = YES;
				SDKROOT = iphoneos;
				SWIFT_ACTIVE_COMPILATION_CONDITIONS = "DEBUG $(inherited)";
				SWIFT_OPTIMIZATION_LEVEL = "-Onone";
	
			};
			name = Debug;
		};
		885B4B9998491C4DD92FA31F /* Release */ = {
			isa = XCBuildConfiguration;
			buildSettings = {
				ALWAYS_SEARCH_USER_PATHS = NO;
				ASSETCATALOG_COMPILER_GENERATE_SWIFT_ASSET_SYMBOL_EXTENSIONS = YES;
				CLANG_ANALYZER_NONNULL = YES;
				CLANG_ANALYZER_NUMBER_OBJECT_CONVERSION = YES_AGGRESSIVE;
				CLANG_CXX_LANGUAGE_STANDARD = "gnu++20";
				CLANG_ENABLE_MODULES = YES;
				CLANG_ENABLE_OBJC_ARC = YES;
				CLANG_ENABLE_OBJC_WEAK = YES;
				CLANG_WARN_BLOCK_CAPTURE_AUTORELEASING = YES;
				CLANG_WARN_BOOL_CONVERSION = YES;
				CLANG_WARN_COMMA = YES;
				CLANG_WARN_CONSTANT_CONVERSION = YES;
				CLANG_WARN_DEPRECATED_OBJC_IMPLEMENTATIONS = YES;
				CLANG_WARN_DIRECT_OBJC_ISA_USAGE = YES_ERROR;
				CLANG_WARN_DOCUMENTATION_COMMENTS = YES;
				CLANG_WARN_EMPTY_BODY = YES;
				CLANG_WARN_ENUM_CONVERSION = YES;
				CLANG_WARN_INFINITE_RECURSION = YES;
				CLANG_WARN_INT_CONVERSION = YES;
				CLANG_WARN_NON_LITERAL_NULL_CONVERSION = YES;
				CLANG_WARN_OBJC_IMPLICIT_RETAIN_SELF = YES;
				CLANG_WARN_OBJC_LITERAL_CONVERSION = YES;
				CLANG_WARN_OBJC_ROOT_CLASS = YES_ERROR;
				CLANG_WARN_QUOTED_INCLUDE_IN_FRAMEWORK_HEADER = YES;
				CLANG_WARN_RANGE_LOOP_ANALYSIS = YES;
				CLANG_WARN_STRICT_PROTOTYPES = YES;
				CLANG_WARN_SUSPICIOUS_MOVE = YES;
				CLANG_WARN_UNGUARDED_AVAILABILITY = YES_AGGRESSIVE;
				CLANG_WARN_UNREACHABLE_CODE = YES;
				CLANG_WARN__DUPLICATE_METHOD_MATCH = YES;
				COPY_PHASE_STRIP = NO;
				DEBUG_INFORMATION_FORMAT = "dwarf-with-dsym";
				ENABLE_NS_ASSERTIONS = NO;
				ENABLE_STRICT_OBJC_MSGSEND = YES;
				ENABLE_USER_SCRIPT_SANDBOXING = YES;
				GCC_C_LANGUAGE_STANDARD = gnu17;
				GCC_NO_COMMON_BLOCKS = YES;
				GCC_WARN_64_TO_32_BIT_CONVERSION = YES;
				GCC_WARN_ABOUT_RETURN_TYPE = YES_ERROR;
				GCC_WARN_UNDECLARED_SELECTOR = YES;
				GCC_WARN_UNINITIALIZED_AUTOS = YES_AGGRESSIVE;
				GCC_WARN_UNUSED_FUNCTION = YES;
				GCC_WARN_UNUSED_VARIABLE = YES;
				IPHONEOS_DEPLOYMENT_TARGET = 17.0;
				LOCALIZATION_PREFERS_STRING_CATALOGS = YES;
				MTL_ENABLE_DEBUG_INFO = NO;
				MTL_FAST_MATH = YES;
				SDKROOT = iphoneos;
				SWIFT_COMPILATION_MODE = wholemodule;
				VALIDATE_PRODUCT = YES;
	
			};
			name = Release;
		};
		9D2B65422E86B7F5A4FA6635 /* Debug */ = {
			isa = XCBuildConfiguration;
			buildSettings = {
				ASSETCATALOG_COMPILER_APPICON_NAME = AppIcon;
				ASSETCATALOG_COMPILER_GLOBAL_ACCENT_COLOR_NAME = AccentColor;
				CODE_SIGNING_ALLOWED = NO;
				CODE_SIGNING_REQUIRED = NO;
				CURRENT_PROJECT_VERSION = 1;
				DEVELOPMENT_ASSET_PATHS = "";
				ENABLE_PREVIEWS = YES;
				GENERATE_INFOPLIST_FILE = NO;
				INFOPLIST_FILE = SiteVantage/Resources/Info.plist;
				INFOPLIST_KEY_UIApplicationSupportsIndirectInputEvents = YES;
				IPHONEOS_DEPLOYMENT_TARGET = 17.0;
				LD_RUNPATH_SEARCH_PATHS = (
					"$(inherited)",
					"@executable_path/Frameworks",
				);
				MARKETING_VERSION = 1.0;
				PRODUCT_BUNDLE_IDENTIFIER = com.sitevantage.SiteVantage;
				PRODUCT_NAME = "$(TARGET_NAME)";
				SWIFT_EMIT_LOC_STRINGS = YES;
				SWIFT_VERSION = 5.0;
				TARGETED_DEVICE_FAMILY = "1,2";
	
			};
			name = Debug;
		};
		B84B69105A7B071A395B8602 /* Release */ = {
			isa = XCBuildConfiguration;
			buildSettings = {
				ASSETCATALOG_COMPILER_APPICON_NAME = AppIcon;
				ASSETCATALOG_COMPILER_GLOBAL_ACCENT_COLOR_NAME = AccentColor;
				CODE_SIGNING_ALLOWED = NO;
				CODE_SIGNING_REQUIRED = NO;
				CURRENT_PROJECT_VERSION = 1;
				DEVELOPMENT_ASSET_PATHS = "";
				ENABLE_PREVIEWS = YES;
				GENERATE_INFOPLIST_FILE = NO;
				INFOPLIST_FILE = SiteVantage/Resources/Info.plist;
				INFOPLIST_KEY_UIApplicationSupportsIndirectInputEvents = YES;
				IPHONEOS_DEPLOYMENT_TARGET = 17.0;
				LD_RUNPATH_SEARCH_PATHS = (
					"$(inherited)",
					"@executable_path/Frameworks",
				);
				MARKETING_VERSION = 1.0;
				PRODUCT_BUNDLE_IDENTIFIER = com.sitevantage.SiteVantage;
				PRODUCT_NAME = "$(TARGET_NAME)";
				SWIFT_EMIT_LOC_STRINGS = YES;
				SWIFT_VERSION = 5.0;
				TARGETED_DEVICE_FAMILY = "1,2";
	
			};
			name = Release;
		};
		125238EF35CF7479CB8C700F /* Debug */ = {
			isa = XCBuildConfiguration;
			buildSettings = {
				BUNDLE_LOADER = "$(TEST_HOST)";
				CODE_SIGNING_ALLOWED = NO;
				CODE_SIGNING_REQUIRED = NO;
				CURRENT_PROJECT_VERSION = 1;
				GENERATE_INFOPLIST_FILE = YES;
				IPHONEOS_DEPLOYMENT_TARGET = 17.0;
				LD_RUNPATH_SEARCH_PATHS = (
					"$(inherited)",
					"@executable_path/Frameworks",
					"@loader_path/Frameworks",
				);
				MARKETING_VERSION = 1.0;
				PRODUCT_BUNDLE_IDENTIFIER = com.sitevantage.SiteVantageTests;
				PRODUCT_NAME = "$(TARGET_NAME)";
				SWIFT_EMIT_LOC_STRINGS = NO;
				SWIFT_VERSION = 5.0;
				TARGETED_DEVICE_FAMILY = "1,2";
				TEST_HOST = "$(BUILT_PRODUCTS_DIR)/SiteVantage.app/SiteVantage";
	
			};
			name = Debug;
		};
		7AA6DFC1FD11591ED34213F6 /* Release */ = {
			isa = XCBuildConfiguration;
			buildSettings = {
				BUNDLE_LOADER = "$(TEST_HOST)";
				CODE_SIGNING_ALLOWED = NO;
				CODE_SIGNING_REQUIRED = NO;
				CURRENT_PROJECT_VERSION = 1;
				GENERATE_INFOPLIST_FILE = YES;
				IPHONEOS_DEPLOYMENT_TARGET = 17.0;
				LD_RUNPATH_SEARCH_PATHS = (
					"$(inherited)",
					"@executable_path/Frameworks",
					"@loader_path/Frameworks",
				);
				MARKETING_VERSION = 1.0;
				PRODUCT_BUNDLE_IDENTIFIER = com.sitevantage.SiteVantageTests;
				PRODUCT_NAME = "$(TARGET_NAME)";
				SWIFT_EMIT_LOC_STRINGS = NO;
				SWIFT_VERSION = 5.0;
				TARGETED_DEVICE_FAMILY = "1,2";
				TEST_HOST = "$(BUILT_PRODUCTS_DIR)/SiteVantage.app/SiteVantage";
	
			};
			name = Release;
		};
/* End XCBuildConfiguration section */

/* Begin XCConfigurationList section */
		A153FD9972959AB9F70711D4 /* Build configuration list for PBXProject "SiteVantage" */ = {
			isa = XCConfigurationList;
			buildConfigurations = (
				740C65CCBF60340779A3E790 /* Debug */,
				885B4B9998491C4DD92FA31F /* Release */,
			);
			defaultConfigurationIsVisible = 0;
			defaultConfigurationName = Release;
		};
		6A08A854FCF0CA80283D0BE8 /* Build configuration list for PBXNativeTarget "SiteVantage" */ = {
			isa = XCConfigurationList;
			buildConfigurations = (
				9D2B65422E86B7F5A4FA6635 /* Debug */,
				B84B69105A7B071A395B8602 /* Release */,
			);
			defaultConfigurationIsVisible = 0;
			defaultConfigurationName = Release;
		};
		11A058B45E54808056B127FB /* Build configuration list for PBXNativeTarget "SiteVantageTests" */ = {
			isa = XCConfigurationList;
			buildConfigurations = (
				125238EF35CF7479CB8C700F /* Debug */,
				7AA6DFC1FD11591ED34213F6 /* Release */,
			);
			defaultConfigurationIsVisible = 0;
			defaultConfigurationName = Release;
		};
/* End XCConfigurationList section */

	};
	rootObject = 8B18DF0F97028390B3F26E7C /* Project object */;
}
